
Microsoft Visual Studio Solution File, Format Version 12.00
# Visual Studio Version 17
VisualStudioVersion = 17.1.32328.378
MinimumVisualStudioVersion = 10.0.40219.1
Project("{9A19103F-16F7-4668-BE54-9A1E7A4F7556}") = "ItemManagement", "ItemManagement.csproj", "{B29FF862-CBCB-47CF-A7E5-F9D4B08FACB3}"
EndProject
Global
	GlobalSection(SolutionConfigurationPlatforms) = preSolution
		Debug|Any CPU = Debug|Any CPU
		Release|Any CPU = Release|Any CPU
	EndGlobalSection
	GlobalSection(ProjectConfigurationPlatforms) = postSolution
		{B29FF862-CBCB-47CF-A7E5-F9D4B08FACB3}.Debug|Any CPU.ActiveCfg = Debug|Any CPU
		{B29FF862-CBCB-47CF-A7E5-F9D4B08FACB3}.Debug|Any CPU.Build.0 = Debug|Any CPU
		{B29FF862-CBCB-47CF-A7E5-F9D4B08FACB3}.Release|Any CPU.ActiveCfg = Release|Any CPU
		{B29FF862-CBCB-47CF-A7E5-F9D4B08FACB3}.Release|Any CPU.Build.0 = Release|Any CPU
	EndGlobalSection
	GlobalSection(SolutionProperties) = preSolution
		HideSolutionNode = FALSE
	EndGlobalSection
	GlobalSection(ExtensibilityGlobals) = postSolution
		SolutionGuid = {8F5131B7-3A27-4CA5-9FEC-DB0F33070443}
	EndGlobalSection
EndGlobal
